
Microsoft Visual Studio Solution File, Format Version 12.00
# Visual Studio 15
VisualStudioVersion = 15.0.26730.16
MinimumVisualStudioVersion = 10.0.40219.1
Project("{2150E333-8FDC-42A3-9474-1A3956D46DE8}") = "Tests", "Tests", "{438E9E17-ADEC-49A4-A45E-67AC6AA3ADDB}"
EndProject
Project("{FAE04EC0-301F-11D3-BF4B-00C04F79EFBC}") = "TaihaToolkit.WPF", "TaihaToolkit.WPF\TaihaToolkit.WPF.csproj", "{4324F19E-CE24-40F2-B070-443A305247F4}"
EndProject
Project("{FAE04EC0-301F-11D3-BF4B-00C04F79EFBC}") = "TaihaToolkit.Core.Rx.Tests", "TaihaToolkit.Core.Rx.Tests\TaihaToolkit.Core.Rx.Tests.csproj", "{788F0745-BC74-4C22-BDB1-39935923B9A5}"
EndProject
Project("{FAE04EC0-301F-11D3-BF4B-00C04F79EFBC}") = "TaihaToolkit.WPF.Tests", "TaihaToolkit.WPF.Tests\TaihaToolkit.WPF.Tests.csproj", "{0AE7751B-B22C-468C-AB51-CBC7CA0FB026}"
EndProject
Project("{FAE04EC0-301F-11D3-BF4B-00C04F79EFBC}") = "TaihaToolkit.Core.Tests", "TaihaToolkit.Core.Tests\TaihaToolkit.Core.Tests.csproj", "{98131726-CD7D-4DEF-B6FA-95D3B7818B7B}"
EndProject
Project("{2150E333-8FDC-42A3-9474-1A3956D46DE8}") = "Showcases", "Showcases", "{29487D4B-F1B6-4A41-9EEA-2FB69668A1EF}"
EndProject
Project("{FAE04EC0-301F-11D3-BF4B-00C04F79EFBC}") = "TaihaToolkit.Showcase.ConsoleApp", "TaihaToolkit.Showcase.ConsoleApp\TaihaToolkit.Showcase.ConsoleApp.csproj", "{08161D21-72CE-4F02-8A17-E889F60901F3}"
EndProject
Project("{FAE04EC0-301F-11D3-BF4B-00C04F79EFBC}") = "TaihaToolkit.ConsoleApp", "TaihaToolkit.ConsoleApp\TaihaToolkit.ConsoleApp.csproj", "{6B757596-4759-445F-8AE1-A324F3B5F5C3}"
EndProject
Project("{FAE04EC0-301F-11D3-BF4B-00C04F79EFBC}") = "TaihaToolkit.Rest.Tests", "TaihaToolkit.Rest.Tests\TaihaToolkit.Rest.Tests.csproj", "{D096B6C9-2568-44F8-B03A-88CC81DAE86C}"
EndProject
Project("{9A19103F-16F7-4668-BE54-9A1E7A4F7556}") = "TaihaToolkit.Settings", "TaihaToolkit.Settings\TaihaToolkit.Settings.csproj", "{5F0ABC6E-BE6D-4726-8BCC-E8B3F348012E}"
EndProject
Project("{9A19103F-16F7-4668-BE54-9A1E7A4F7556}") = "TaihaToolkit.Core", "TaihaToolkit.Core\TaihaToolkit.Core.csproj", "{A25685C9-C86C-4820-8FAA-715E25C65B2F}"
EndProject
Project("{9A19103F-16F7-4668-BE54-9A1E7A4F7556}") = "TaihaToolkit.Settings.Rx", "TaihaToolkit.Settings.Rx\TaihaToolkit.Settings.Rx.csproj", "{2B564D82-FE9F-403B-86F1-6B56FF2F58EF}"
EndProject
Project("{2150E333-8FDC-42A3-9474-1A3956D46DE8}") = "Platform", "Platform", "{CA3D8CC4-ABE2-471D-BD01-185C9384B999}"
EndProject
Project("{9A19103F-16F7-4668-BE54-9A1E7A4F7556}") = "TaihaToolkit.Rest", "TaihaToolkit.Rest\TaihaToolkit.Rest.csproj", "{C63FD4E8-0C1A-401C-B4E1-205D187695F4}"
EndProject
Project("{9A19103F-16F7-4668-BE54-9A1E7A4F7556}") = "TaihaToolkit.Logging.Rx", "TaihaToolkit.Logging.Rx\TaihaToolkit.Logging.Rx.csproj", "{C903DE05-9A93-4095-8392-C04F2EC0B297}"
EndProject
Project("{9A19103F-16F7-4668-BE54-9A1E7A4F7556}") = "TaihaToolkit.Logging", "TaihaToolkit.Logging\TaihaToolkit.Logging.csproj", "{D506616E-322E-4C1B-846C-92646B95A8CF}"
EndProject
Project("{9A19103F-16F7-4668-BE54-9A1E7A4F7556}") = "TaihaToolkit.Dialog", "TaihaToolkit.Dialog\TaihaToolkit.Dialog.csproj", "{8F2C9B65-85FF-45FF-B548-C51675248A57}"
EndProject
Global
	GlobalSection(SolutionConfigurationPlatforms) = preSolution
		Debug|Any CPU = Debug|Any CPU
		Debug|ARM = Debug|ARM
		Debug|x64 = Debug|x64
		Debug|x86 = Debug|x86
		Release|Any CPU = Release|Any CPU
		Release|ARM = Release|ARM
		Release|x64 = Release|x64
		Release|x86 = Release|x86
		ReleaseBeta|Any CPU = ReleaseBeta|Any CPU
		ReleaseBeta|ARM = ReleaseBeta|ARM
		ReleaseBeta|x64 = ReleaseBeta|x64
		ReleaseBeta|x86 = ReleaseBeta|x86
	EndGlobalSection
	GlobalSection(ProjectConfigurationPlatforms) = postSolution
		{4324F19E-CE24-40F2-B070-443A305247F4}.Debug|Any CPU.ActiveCfg = Debug|Any CPU
		{4324F19E-CE24-40F2-B070-443A305247F4}.Debug|Any CPU.Build.0 = Debug|Any CPU
		{4324F19E-CE24-40F2-B070-443A305247F4}.Debug|ARM.ActiveCfg = Debug|Any CPU
		{4324F19E-CE24-40F2-B070-443A305247F4}.Debug|ARM.Build.0 = Debug|Any CPU
		{4324F19E-CE24-40F2-B070-443A305247F4}.Debug|x64.ActiveCfg = Debug|Any CPU
		{4324F19E-CE24-40F2-B070-443A305247F4}.Debug|x64.Build.0 = Debug|Any CPU
		{4324F19E-CE24-40F2-B070-443A305247F4}.Debug|x86.ActiveCfg = Debug|Any CPU
		{4324F19E-CE24-40F2-B070-443A305247F4}.Debug|x86.Build.0 = Debug|Any CPU
		{4324F19E-CE24-40F2-B070-443A305247F4}.Release|Any CPU.ActiveCfg = Release|Any CPU
		{4324F19E-CE24-40F2-B070-443A305247F4}.Release|Any CPU.Build.0 = Release|Any CPU
		{4324F19E-CE24-40F2-B070-443A305247F4}.Release|ARM.ActiveCfg = Release|Any CPU
		{4324F19E-CE24-40F2-B070-443A305247F4}.Release|ARM.Build.0 = Release|Any CPU
		{4324F19E-CE24-40F2-B070-443A305247F4}.Release|x64.ActiveCfg = Release|Any CPU
		{4324F19E-CE24-40F2-B070-443A305247F4}.Release|x64.Build.0 = Release|Any CPU
		{4324F19E-CE24-40F2-B070-443A305247F4}.Release|x86.ActiveCfg = Release|Any CPU
		{4324F19E-CE24-40F2-B070-443A305247F4}.Release|x86.Build.0 = Release|Any CPU
		{4324F19E-CE24-40F2-B070-443A305247F4}.ReleaseBeta|Any CPU.ActiveCfg = ReleaseBeta|Any CPU
		{4324F19E-CE24-40F2-B070-443A305247F4}.ReleaseBeta|Any CPU.Build.0 = ReleaseBeta|Any CPU
		{4324F19E-CE24-40F2-B070-443A305247F4}.ReleaseBeta|ARM.ActiveCfg = ReleaseBeta|Any CPU
		{4324F19E-CE24-40F2-B070-443A305247F4}.ReleaseBeta|ARM.Build.0 = ReleaseBeta|Any CPU
		{4324F19E-CE24-40F2-B070-443A305247F4}.ReleaseBeta|x64.ActiveCfg = ReleaseBeta|Any CPU
		{4324F19E-CE24-40F2-B070-443A305247F4}.ReleaseBeta|x64.Build.0 = ReleaseBeta|Any CPU
		{4324F19E-CE24-40F2-B070-443A305247F4}.ReleaseBeta|x86.ActiveCfg = ReleaseBeta|Any CPU
		{4324F19E-CE24-40F2-B070-443A305247F4}.ReleaseBeta|x86.Build.0 = ReleaseBeta|Any CPU
		{788F0745-BC74-4C22-BDB1-39935923B9A5}.Debug|Any CPU.ActiveCfg = Debug|Any CPU
		{788F0745-BC74-4C22-BDB1-39935923B9A5}.Debug|Any CPU.Build.0 = Debug|Any CPU
		{788F0745-BC74-4C22-BDB1-39935923B9A5}.Debug|ARM.ActiveCfg = Debug|Any CPU
		{788F0745-BC74-4C22-BDB1-39935923B9A5}.Debug|ARM.Build.0 = Debug|Any CPU
		{788F0745-BC74-4C22-BDB1-39935923B9A5}.Debug|x64.ActiveCfg = Debug|Any CPU
		{788F0745-BC74-4C22-BDB1-39935923B9A5}.Debug|x64.Build.0 = Debug|Any CPU
		{788F0745-BC74-4C22-BDB1-39935923B9A5}.Debug|x86.ActiveCfg = Debug|Any CPU
		{788F0745-BC74-4C22-BDB1-39935923B9A5}.Debug|x86.Build.0 = Debug|Any CPU
		{788F0745-BC74-4C22-BDB1-39935923B9A5}.Release|Any CPU.ActiveCfg = Release|Any CPU
		{788F0745-BC74-4C22-BDB1-39935923B9A5}.Release|Any CPU.Build.0 = Release|Any CPU
		{788F0745-BC74-4C22-BDB1-39935923B9A5}.Release|ARM.ActiveCfg = Release|Any CPU
		{788F0745-BC74-4C22-BDB1-39935923B9A5}.Release|ARM.Build.0 = Release|Any CPU
		{788F0745-BC74-4C22-BDB1-39935923B9A5}.Release|x64.ActiveCfg = Release|Any CPU
		{788F0745-BC74-4C22-BDB1-39935923B9A5}.Release|x64.Build.0 = Release|Any CPU
		{788F0745-BC74-4C22-BDB1-39935923B9A5}.Release|x86.ActiveCfg = Release|Any CPU
		{788F0745-BC74-4C22-BDB1-39935923B9A5}.Release|x86.Build.0 = Release|Any CPU
		{788F0745-BC74-4C22-BDB1-39935923B9A5}.ReleaseBeta|Any CPU.ActiveCfg = ReleaseBeta|Any CPU
		{788F0745-BC74-4C22-BDB1-39935923B9A5}.ReleaseBeta|Any CPU.Build.0 = ReleaseBeta|Any CPU
		{788F0745-BC74-4C22-BDB1-39935923B9A5}.ReleaseBeta|ARM.ActiveCfg = ReleaseBeta|Any CPU
		{788F0745-BC74-4C22-BDB1-39935923B9A5}.ReleaseBeta|ARM.Build.0 = ReleaseBeta|Any CPU
		{788F0745-BC74-4C22-BDB1-39935923B9A5}.ReleaseBeta|x64.ActiveCfg = ReleaseBeta|Any CPU
		{788F0745-BC74-4C22-BDB1-39935923B9A5}.ReleaseBeta|x64.Build.0 = ReleaseBeta|Any CPU
		{788F0745-BC74-4C22-BDB1-39935923B9A5}.ReleaseBeta|x86.ActiveCfg = ReleaseBeta|Any CPU
		{788F0745-BC74-4C22-BDB1-39935923B9A5}.ReleaseBeta|x86.Build.0 = ReleaseBeta|Any CPU
		{0AE7751B-B22C-468C-AB51-CBC7CA0FB026}.Debug|Any CPU.ActiveCfg = Debug|Any CPU
		{0AE7751B-B22C-468C-AB51-CBC7CA0FB026}.Debug|Any CPU.Build.0 = Debug|Any CPU
		{0AE7751B-B22C-468C-AB51-CBC7CA0FB026}.Debug|ARM.ActiveCfg = Debug|Any CPU
		{0AE7751B-B22C-468C-AB51-CBC7CA0FB026}.Debug|ARM.Build.0 = Debug|Any CPU
		{0AE7751B-B22C-468C-AB51-CBC7CA0FB026}.Debug|x64.ActiveCfg = Debug|Any CPU
		{0AE7751B-B22C-468C-AB51-CBC7CA0FB026}.Debug|x64.Build.0 = Debug|Any CPU
		{0AE7751B-B22C-468C-AB51-CBC7CA0FB026}.Debug|x86.ActiveCfg = Debug|Any CPU
		{0AE7751B-B22C-468C-AB51-CBC7CA0FB026}.Debug|x86.Build.0 = Debug|Any CPU
		{0AE7751B-B22C-468C-AB51-CBC7CA0FB026}.Release|Any CPU.ActiveCfg = Release|Any CPU
		{0AE7751B-B22C-468C-AB51-CBC7CA0FB026}.Release|Any CPU.Build.0 = Release|Any CPU
		{0AE7751B-B22C-468C-AB51-CBC7CA0FB026}.Release|ARM.ActiveCfg = Release|Any CPU
		{0AE7751B-B22C-468C-AB51-CBC7CA0FB026}.Release|ARM.Build.0 = Release|Any CPU
		{0AE7751B-B22C-468C-AB51-CBC7CA0FB026}.Release|x64.ActiveCfg = Release|Any CPU
		{0AE7751B-B22C-468C-AB51-CBC7CA0FB026}.Release|x64.Build.0 = Release|Any CPU
		{0AE7751B-B22C-468C-AB51-CBC7CA0FB026}.Release|x86.ActiveCfg = Release|Any CPU
		{0AE7751B-B22C-468C-AB51-CBC7CA0FB026}.Release|x86.Build.0 = Release|Any CPU
		{0AE7751B-B22C-468C-AB51-CBC7CA0FB026}.ReleaseBeta|Any CPU.ActiveCfg = ReleaseBeta|Any CPU
		{0AE7751B-B22C-468C-AB51-CBC7CA0FB026}.ReleaseBeta|Any CPU.Build.0 = ReleaseBeta|Any CPU
		{0AE7751B-B22C-468C-AB51-CBC7CA0FB026}.ReleaseBeta|ARM.ActiveCfg = ReleaseBeta|Any CPU
		{0AE7751B-B22C-468C-AB51-CBC7CA0FB026}.ReleaseBeta|ARM.Build.0 = ReleaseBeta|Any CPU
		{0AE7751B-B22C-468C-AB51-CBC7CA0FB026}.ReleaseBeta|x64.ActiveCfg = ReleaseBeta|Any CPU
		{0AE7751B-B22C-468C-AB51-CBC7CA0FB026}.ReleaseBeta|x64.Build.0 = ReleaseBeta|Any CPU
		{0AE7751B-B22C-468C-AB51-CBC7CA0FB026}.ReleaseBeta|x86.ActiveCfg = ReleaseBeta|Any CPU
		{0AE7751B-B22C-468C-AB51-CBC7CA0FB026}.ReleaseBeta|x86.Build.0 = ReleaseBeta|Any CPU
		{98131726-CD7D-4DEF-B6FA-95D3B7818B7B}.Debug|Any CPU.ActiveCfg = Debug|Any CPU
		{98131726-CD7D-4DEF-B6FA-95D3B7818B7B}.Debug|Any CPU.Build.0 = Debug|Any CPU
		{98131726-CD7D-4DEF-B6FA-95D3B7818B7B}.Debug|ARM.ActiveCfg = Debug|Any CPU
		{98131726-CD7D-4DEF-B6FA-95D3B7818B7B}.Debug|ARM.Build.0 = Debug|Any CPU
		{98131726-CD7D-4DEF-B6FA-95D3B7818B7B}.Debug|x64.ActiveCfg = Debug|Any CPU
		{98131726-CD7D-4DEF-B6FA-95D3B7818B7B}.Debug|x64.Build.0 = Debug|Any CPU
		{98131726-CD7D-4DEF-B6FA-95D3B7818B7B}.Debug|x86.ActiveCfg = Debug|Any CPU
		{98131726-CD7D-4DEF-B6FA-95D3B7818B7B}.Debug|x86.Build.0 = Debug|Any CPU
		{98131726-CD7D-4DEF-B6FA-95D3B7818B7B}.Release|Any CPU.ActiveCfg = Release|Any CPU
		{98131726-CD7D-4DEF-B6FA-95D3B7818B7B}.Release|Any CPU.Build.0 = Release|Any CPU
		{98131726-CD7D-4DEF-B6FA-95D3B7818B7B}.Release|ARM.ActiveCfg = Release|Any CPU
		{98131726-CD7D-4DEF-B6FA-95D3B7818B7B}.Release|ARM.Build.0 = Release|Any CPU
		{98131726-CD7D-4DEF-B6FA-95D3B7818B7B}.Release|x64.ActiveCfg = Release|Any CPU
		{98131726-CD7D-4DEF-B6FA-95D3B7818B7B}.Release|x64.Build.0 = Release|Any CPU
		{98131726-CD7D-4DEF-B6FA-95D3B7818B7B}.Release|x86.ActiveCfg = Release|Any CPU
		{98131726-CD7D-4DEF-B6FA-95D3B7818B7B}.Release|x86.Build.0 = Release|Any CPU
		{98131726-CD7D-4DEF-B6FA-95D3B7818B7B}.ReleaseBeta|Any CPU.ActiveCfg = ReleaseBeta|Any CPU
		{98131726-CD7D-4DEF-B6FA-95D3B7818B7B}.ReleaseBeta|Any CPU.Build.0 = ReleaseBeta|Any CPU
		{98131726-CD7D-4DEF-B6FA-95D3B7818B7B}.ReleaseBeta|ARM.ActiveCfg = ReleaseBeta|Any CPU
		{98131726-CD7D-4DEF-B6FA-95D3B7818B7B}.ReleaseBeta|ARM.Build.0 = ReleaseBeta|Any CPU
		{98131726-CD7D-4DEF-B6FA-95D3B7818B7B}.ReleaseBeta|x64.ActiveCfg = ReleaseBeta|Any CPU
		{98131726-CD7D-4DEF-B6FA-95D3B7818B7B}.ReleaseBeta|x64.Build.0 = ReleaseBeta|Any CPU
		{98131726-CD7D-4DEF-B6FA-95D3B7818B7B}.ReleaseBeta|x86.ActiveCfg = ReleaseBeta|Any CPU
		{98131726-CD7D-4DEF-B6FA-95D3B7818B7B}.ReleaseBeta|x86.Build.0 = ReleaseBeta|Any CPU
		{08161D21-72CE-4F02-8A17-E889F60901F3}.Debug|Any CPU.ActiveCfg = Debug|Any CPU
		{08161D21-72CE-4F02-8A17-E889F60901F3}.Debug|Any CPU.Build.0 = Debug|Any CPU
		{08161D21-72CE-4F02-8A17-E889F60901F3}.Debug|ARM.ActiveCfg = Debug|Any CPU
		{08161D21-72CE-4F02-8A17-E889F60901F3}.Debug|ARM.Build.0 = Debug|Any CPU
		{08161D21-72CE-4F02-8A17-E889F60901F3}.Debug|x64.ActiveCfg = Debug|Any CPU
		{08161D21-72CE-4F02-8A17-E889F60901F3}.Debug|x64.Build.0 = Debug|Any CPU
		{08161D21-72CE-4F02-8A17-E889F60901F3}.Debug|x86.ActiveCfg = Debug|Any CPU
		{08161D21-72CE-4F02-8A17-E889F60901F3}.Debug|x86.Build.0 = Debug|Any CPU
		{08161D21-72CE-4F02-8A17-E889F60901F3}.Release|Any CPU.ActiveCfg = Release|Any CPU
		{08161D21-72CE-4F02-8A17-E889F60901F3}.Release|Any CPU.Build.0 = Release|Any CPU
		{08161D21-72CE-4F02-8A17-E889F60901F3}.Release|ARM.ActiveCfg = Release|Any CPU
		{08161D21-72CE-4F02-8A17-E889F60901F3}.Release|ARM.Build.0 = Release|Any CPU
		{08161D21-72CE-4F02-8A17-E889F60901F3}.Release|x64.ActiveCfg = Release|Any CPU
		{08161D21-72CE-4F02-8A17-E889F60901F3}.Release|x64.Build.0 = Release|Any CPU
		{08161D21-72CE-4F02-8A17-E889F60901F3}.Release|x86.ActiveCfg = Release|Any CPU
		{08161D21-72CE-4F02-8A17-E889F60901F3}.Release|x86.Build.0 = Release|Any CPU
		{08161D21-72CE-4F02-8A17-E889F60901F3}.ReleaseBeta|Any CPU.ActiveCfg = ReleaseBeta|Any CPU
		{08161D21-72CE-4F02-8A17-E889F60901F3}.ReleaseBeta|Any CPU.Build.0 = ReleaseBeta|Any CPU
		{08161D21-72CE-4F02-8A17-E889F60901F3}.ReleaseBeta|ARM.ActiveCfg = ReleaseBeta|Any CPU
		{08161D21-72CE-4F02-8A17-E889F60901F3}.ReleaseBeta|ARM.Build.0 = ReleaseBeta|Any CPU
		{08161D21-72CE-4F02-8A17-E889F60901F3}.ReleaseBeta|x64.ActiveCfg = ReleaseBeta|Any CPU
		{08161D21-72CE-4F02-8A17-E889F60901F3}.ReleaseBeta|x64.Build.0 = ReleaseBeta|Any CPU
		{08161D21-72CE-4F02-8A17-E889F60901F3}.ReleaseBeta|x86.ActiveCfg = ReleaseBeta|Any CPU
		{08161D21-72CE-4F02-8A17-E889F60901F3}.ReleaseBeta|x86.Build.0 = ReleaseBeta|Any CPU
		{6B757596-4759-445F-8AE1-A324F3B5F5C3}.Debug|Any CPU.ActiveCfg = Debug|Any CPU
		{6B757596-4759-445F-8AE1-A324F3B5F5C3}.Debug|Any CPU.Build.0 = Debug|Any CPU
		{6B757596-4759-445F-8AE1-A324F3B5F5C3}.Debug|ARM.ActiveCfg = Debug|Any CPU
		{6B757596-4759-445F-8AE1-A324F3B5F5C3}.Debug|ARM.Build.0 = Debug|Any CPU
		{6B757596-4759-445F-8AE1-A324F3B5F5C3}.Debug|x64.ActiveCfg = Debug|Any CPU
		{6B757596-4759-445F-8AE1-A324F3B5F5C3}.Debug|x64.Build.0 = Debug|Any CPU
		{6B757596-4759-445F-8AE1-A324F3B5F5C3}.Debug|x86.ActiveCfg = Debug|Any CPU
		{6B757596-4759-445F-8AE1-A324F3B5F5C3}.Debug|x86.Build.0 = Debug|Any CPU
		{6B757596-4759-445F-8AE1-A324F3B5F5C3}.Release|Any CPU.ActiveCfg = Release|Any CPU
		{6B757596-4759-445F-8AE1-A324F3B5F5C3}.Release|Any CPU.Build.0 = Release|Any CPU
		{6B757596-4759-445F-8AE1-A324F3B5F5C3}.Release|ARM.ActiveCfg = Release|Any CPU
		{6B757596-4759-445F-8AE1-A324F3B5F5C3}.Release|ARM.Build.0 = Release|Any CPU
		{6B757596-4759-445F-8AE1-A324F3B5F5C3}.Release|x64.ActiveCfg = Release|Any CPU
		{6B757596-4759-445F-8AE1-A324F3B5F5C3}.Release|x64.Build.0 = Release|Any CPU
		{6B757596-4759-445F-8AE1-A324F3B5F5C3}.Release|x86.ActiveCfg = Release|Any CPU
		{6B757596-4759-445F-8AE1-A324F3B5F5C3}.Release|x86.Build.0 = Release|Any CPU
		{6B757596-4759-445F-8AE1-A324F3B5F5C3}.ReleaseBeta|Any CPU.ActiveCfg = ReleaseBeta|Any CPU
		{6B757596-4759-445F-8AE1-A324F3B5F5C3}.ReleaseBeta|Any CPU.Build.0 = ReleaseBeta|Any CPU
		{6B757596-4759-445F-8AE1-A324F3B5F5C3}.ReleaseBeta|ARM.ActiveCfg = ReleaseBeta|Any CPU
		{6B757596-4759-445F-8AE1-A324F3B5F5C3}.ReleaseBeta|ARM.Build.0 = ReleaseBeta|Any CPU
		{6B757596-4759-445F-8AE1-A324F3B5F5C3}.ReleaseBeta|x64.ActiveCfg = ReleaseBeta|Any CPU
		{6B757596-4759-445F-8AE1-A324F3B5F5C3}.ReleaseBeta|x64.Build.0 = ReleaseBeta|Any CPU
		{6B757596-4759-445F-8AE1-A324F3B5F5C3}.ReleaseBeta|x86.ActiveCfg = ReleaseBeta|Any CPU
		{6B757596-4759-445F-8AE1-A324F3B5F5C3}.ReleaseBeta|x86.Build.0 = ReleaseBeta|Any CPU
		{D096B6C9-2568-44F8-B03A-88CC81DAE86C}.Debug|Any CPU.ActiveCfg = Debug|Any CPU
		{D096B6C9-2568-44F8-B03A-88CC81DAE86C}.Debug|Any CPU.Build.0 = Debug|Any CPU
		{D096B6C9-2568-44F8-B03A-88CC81DAE86C}.Debug|ARM.ActiveCfg = Debug|Any CPU
		{D096B6C9-2568-44F8-B03A-88CC81DAE86C}.Debug|ARM.Build.0 = Debug|Any CPU
		{D096B6C9-2568-44F8-B03A-88CC81DAE86C}.Debug|x64.ActiveCfg = Debug|Any CPU
		{D096B6C9-2568-44F8-B03A-88CC81DAE86C}.Debug|x64.Build.0 = Debug|Any CPU
		{D096B6C9-2568-44F8-B03A-88CC81DAE86C}.Debug|x86.ActiveCfg = Debug|Any CPU
		{D096B6C9-2568-44F8-B03A-88CC81DAE86C}.Debug|x86.Build.0 = Debug|Any CPU
		{D096B6C9-2568-44F8-B03A-88CC81DAE86C}.Release|Any CPU.ActiveCfg = Release|Any CPU
		{D096B6C9-2568-44F8-B03A-88CC81DAE86C}.Release|Any CPU.Build.0 = Release|Any CPU
		{D096B6C9-2568-44F8-B03A-88CC81DAE86C}.Release|ARM.ActiveCfg = Release|Any CPU
		{D096B6C9-2568-44F8-B03A-88CC81DAE86C}.Release|ARM.Build.0 = Release|Any CPU
		{D096B6C9-2568-44F8-B03A-88CC81DAE86C}.Release|x64.ActiveCfg = Release|Any CPU
		{D096B6C9-2568-44F8-B03A-88CC81DAE86C}.Release|x64.Build.0 = Release|Any CPU
		{D096B6C9-2568-44F8-B03A-88CC81DAE86C}.Release|x86.ActiveCfg = Release|Any CPU
		{D096B6C9-2568-44F8-B03A-88CC81DAE86C}.Release|x86.Build.0 = Release|Any CPU
		{D096B6C9-2568-44F8-B03A-88CC81DAE86C}.ReleaseBeta|Any CPU.ActiveCfg = ReleaseBeta|Any CPU
		{D096B6C9-2568-44F8-B03A-88CC81DAE86C}.ReleaseBeta|Any CPU.Build.0 = ReleaseBeta|Any CPU
		{D096B6C9-2568-44F8-B03A-88CC81DAE86C}.ReleaseBeta|ARM.ActiveCfg = ReleaseBeta|Any CPU
		{D096B6C9-2568-44F8-B03A-88CC81DAE86C}.ReleaseBeta|ARM.Build.0 = ReleaseBeta|Any CPU
		{D096B6C9-2568-44F8-B03A-88CC81DAE86C}.ReleaseBeta|x64.ActiveCfg = ReleaseBeta|Any CPU
		{D096B6C9-2568-44F8-B03A-88CC81DAE86C}.ReleaseBeta|x64.Build.0 = ReleaseBeta|Any CPU
		{D096B6C9-2568-44F8-B03A-88CC81DAE86C}.ReleaseBeta|x86.ActiveCfg = ReleaseBeta|Any CPU
		{D096B6C9-2568-44F8-B03A-88CC81DAE86C}.ReleaseBeta|x86.Build.0 = ReleaseBeta|Any CPU
		{5F0ABC6E-BE6D-4726-8BCC-E8B3F348012E}.Debug|Any CPU.ActiveCfg = Debug|Any CPU
		{5F0ABC6E-BE6D-4726-8BCC-E8B3F348012E}.Debug|Any CPU.Build.0 = Debug|Any CPU
		{5F0ABC6E-BE6D-4726-8BCC-E8B3F348012E}.Debug|ARM.ActiveCfg = Debug|Any CPU
		{5F0ABC6E-BE6D-4726-8BCC-E8B3F348012E}.Debug|ARM.Build.0 = Debug|Any CPU
		{5F0ABC6E-BE6D-4726-8BCC-E8B3F348012E}.Debug|x64.ActiveCfg = Debug|Any CPU
		{5F0ABC6E-BE6D-4726-8BCC-E8B3F348012E}.Debug|x64.Build.0 = Debug|Any CPU
		{5F0ABC6E-BE6D-4726-8BCC-E8B3F348012E}.Debug|x86.ActiveCfg = Debug|Any CPU
		{5F0ABC6E-BE6D-4726-8BCC-E8B3F348012E}.Debug|x86.Build.0 = Debug|Any CPU
		{5F0ABC6E-BE6D-4726-8BCC-E8B3F348012E}.Release|Any CPU.ActiveCfg = Release|Any CPU
		{5F0ABC6E-BE6D-4726-8BCC-E8B3F348012E}.Release|Any CPU.Build.0 = Release|Any CPU
		{5F0ABC6E-BE6D-4726-8BCC-E8B3F348012E}.Release|ARM.ActiveCfg = Release|Any CPU
		{5F0ABC6E-BE6D-4726-8BCC-E8B3F348012E}.Release|ARM.Build.0 = Release|Any CPU
		{5F0ABC6E-BE6D-4726-8BCC-E8B3F348012E}.Release|x64.ActiveCfg = Release|Any CPU
		{5F0ABC6E-BE6D-4726-8BCC-E8B3F348012E}.Release|x64.Build.0 = Release|Any CPU
		{5F0ABC6E-BE6D-4726-8BCC-E8B3F348012E}.Release|x86.ActiveCfg = Release|Any CPU
		{5F0ABC6E-BE6D-4726-8BCC-E8B3F348012E}.Release|x86.Build.0 = Release|Any CPU
		{5F0ABC6E-BE6D-4726-8BCC-E8B3F348012E}.ReleaseBeta|Any CPU.ActiveCfg = ReleaseBeta|Any CPU
		{5F0ABC6E-BE6D-4726-8BCC-E8B3F348012E}.ReleaseBeta|Any CPU.Build.0 = ReleaseBeta|Any CPU
		{5F0ABC6E-BE6D-4726-8BCC-E8B3F348012E}.ReleaseBeta|ARM.ActiveCfg = ReleaseBeta|Any CPU
		{5F0ABC6E-BE6D-4726-8BCC-E8B3F348012E}.ReleaseBeta|ARM.Build.0 = ReleaseBeta|Any CPU
		{5F0ABC6E-BE6D-4726-8BCC-E8B3F348012E}.ReleaseBeta|x64.ActiveCfg = ReleaseBeta|Any CPU
		{5F0ABC6E-BE6D-4726-8BCC-E8B3F348012E}.ReleaseBeta|x64.Build.0 = ReleaseBeta|Any CPU
		{5F0ABC6E-BE6D-4726-8BCC-E8B3F348012E}.ReleaseBeta|x86.ActiveCfg = ReleaseBeta|Any CPU
		{5F0ABC6E-BE6D-4726-8BCC-E8B3F348012E}.ReleaseBeta|x86.Build.0 = ReleaseBeta|Any CPU
		{A25685C9-C86C-4820-8FAA-715E25C65B2F}.Debug|Any CPU.ActiveCfg = Debug|Any CPU
		{A25685C9-C86C-4820-8FAA-715E25C65B2F}.Debug|Any CPU.Build.0 = Debug|Any CPU
		{A25685C9-C86C-4820-8FAA-715E25C65B2F}.Debug|ARM.ActiveCfg = Debug|Any CPU
		{A25685C9-C86C-4820-8FAA-715E25C65B2F}.Debug|ARM.Build.0 = Debug|Any CPU
		{A25685C9-C86C-4820-8FAA-715E25C65B2F}.Debug|x64.ActiveCfg = Debug|Any CPU
		{A25685C9-C86C-4820-8FAA-715E25C65B2F}.Debug|x64.Build.0 = Debug|Any CPU
		{A25685C9-C86C-4820-8FAA-715E25C65B2F}.Debug|x86.ActiveCfg = Debug|Any CPU
		{A25685C9-C86C-4820-8FAA-715E25C65B2F}.Debug|x86.Build.0 = Debug|Any CPU
		{A25685C9-C86C-4820-8FAA-715E25C65B2F}.Release|Any CPU.ActiveCfg = Release|Any CPU
		{A25685C9-C86C-4820-8FAA-715E25C65B2F}.Release|Any CPU.Build.0 = Release|Any CPU
		{A25685C9-C86C-4820-8FAA-715E25C65B2F}.Release|ARM.ActiveCfg = Release|Any CPU
		{A25685C9-C86C-4820-8FAA-715E25C65B2F}.Release|ARM.Build.0 = Release|Any CPU
		{A25685C9-C86C-4820-8FAA-715E25C65B2F}.Release|x64.ActiveCfg = Release|Any CPU
		{A25685C9-C86C-4820-8FAA-715E25C65B2F}.Release|x64.Build.0 = Release|Any CPU
		{A25685C9-C86C-4820-8FAA-715E25C65B2F}.Release|x86.ActiveCfg = Release|Any CPU
		{A25685C9-C86C-4820-8FAA-715E25C65B2F}.Release|x86.Build.0 = Release|Any CPU
		{A25685C9-C86C-4820-8FAA-715E25C65B2F}.ReleaseBeta|Any CPU.ActiveCfg = ReleaseBeta|Any CPU
		{A25685C9-C86C-4820-8FAA-715E25C65B2F}.ReleaseBeta|Any CPU.Build.0 = ReleaseBeta|Any CPU
		{A25685C9-C86C-4820-8FAA-715E25C65B2F}.ReleaseBeta|ARM.ActiveCfg = ReleaseBeta|Any CPU
		{A25685C9-C86C-4820-8FAA-715E25C65B2F}.ReleaseBeta|ARM.Build.0 = ReleaseBeta|Any CPU
		{A25685C9-C86C-4820-8FAA-715E25C65B2F}.ReleaseBeta|x64.ActiveCfg = ReleaseBeta|Any CPU
		{A25685C9-C86C-4820-8FAA-715E25C65B2F}.ReleaseBeta|x64.Build.0 = ReleaseBeta|Any CPU
		{A25685C9-C86C-4820-8FAA-715E25C65B2F}.ReleaseBeta|x86.ActiveCfg = ReleaseBeta|Any CPU
		{A25685C9-C86C-4820-8FAA-715E25C65B2F}.ReleaseBeta|x86.Build.0 = ReleaseBeta|Any CPU
		{2B564D82-FE9F-403B-86F1-6B56FF2F58EF}.Debug|Any CPU.ActiveCfg = Debug|Any CPU
		{2B564D82-FE9F-403B-86F1-6B56FF2F58EF}.Debug|Any CPU.Build.0 = Debug|Any CPU
		{2B564D82-FE9F-403B-86F1-6B56FF2F58EF}.Debug|ARM.ActiveCfg = Debug|Any CPU
		{2B564D82-FE9F-403B-86F1-6B56FF2F58EF}.Debug|ARM.Build.0 = Debug|Any CPU
		{2B564D82-FE9F-403B-86F1-6B56FF2F58EF}.Debug|x64.ActiveCfg = Debug|Any CPU
		{2B564D82-FE9F-403B-86F1-6B56FF2F58EF}.Debug|x64.Build.0 = Debug|Any CPU
		{2B564D82-FE9F-403B-86F1-6B56FF2F58EF}.Debug|x86.ActiveCfg = Debug|Any CPU
		{2B564D82-FE9F-403B-86F1-6B56FF2F58EF}.Debug|x86.Build.0 = Debug|Any CPU
		{2B564D82-FE9F-403B-86F1-6B56FF2F58EF}.Release|Any CPU.ActiveCfg = Release|Any CPU
		{2B564D82-FE9F-403B-86F1-6B56FF2F58EF}.Release|Any CPU.Build.0 = Release|Any CPU
		{2B564D82-FE9F-403B-86F1-6B56FF2F58EF}.Release|ARM.ActiveCfg = Release|Any CPU
		{2B564D82-FE9F-403B-86F1-6B56FF2F58EF}.Release|ARM.Build.0 = Release|Any CPU
		{2B564D82-FE9F-403B-86F1-6B56FF2F58EF}.Release|x64.ActiveCfg = Release|Any CPU
		{2B564D82-FE9F-403B-86F1-6B56FF2F58EF}.Release|x64.Build.0 = Release|Any CPU
		{2B564D82-FE9F-403B-86F1-6B56FF2F58EF}.Release|x86.ActiveCfg = Release|Any CPU
		{2B564D82-FE9F-403B-86F1-6B56FF2F58EF}.Release|x86.Build.0 = Release|Any CPU
		{2B564D82-FE9F-403B-86F1-6B56FF2F58EF}.ReleaseBeta|Any CPU.ActiveCfg = ReleaseBeta|Any CPU
		{2B564D82-FE9F-403B-86F1-6B56FF2F58EF}.ReleaseBeta|Any CPU.Build.0 = ReleaseBeta|Any CPU
		{2B564D82-FE9F-403B-86F1-6B56FF2F58EF}.ReleaseBeta|ARM.ActiveCfg = ReleaseBeta|Any CPU
		{2B564D82-FE9F-403B-86F1-6B56FF2F58EF}.ReleaseBeta|ARM.Build.0 = ReleaseBeta|Any CPU
		{2B564D82-FE9F-403B-86F1-6B56FF2F58EF}.ReleaseBeta|x64.ActiveCfg = ReleaseBeta|Any CPU
		{2B564D82-FE9F-403B-86F1-6B56FF2F58EF}.ReleaseBeta|x64.Build.0 = ReleaseBeta|Any CPU
		{2B564D82-FE9F-403B-86F1-6B56FF2F58EF}.ReleaseBeta|x86.ActiveCfg = ReleaseBeta|Any CPU
		{2B564D82-FE9F-403B-86F1-6B56FF2F58EF}.ReleaseBeta|x86.Build.0 = ReleaseBeta|Any CPU
		{C63FD4E8-0C1A-401C-B4E1-205D187695F4}.Debug|Any CPU.ActiveCfg = Debug|Any CPU
		{C63FD4E8-0C1A-401C-B4E1-205D187695F4}.Debug|Any CPU.Build.0 = Debug|Any CPU
		{C63FD4E8-0C1A-401C-B4E1-205D187695F4}.Debug|ARM.ActiveCfg = Debug|Any CPU
		{C63FD4E8-0C1A-401C-B4E1-205D187695F4}.Debug|ARM.Build.0 = Debug|Any CPU
		{C63FD4E8-0C1A-401C-B4E1-205D187695F4}.Debug|x64.ActiveCfg = Debug|Any CPU
		{C63FD4E8-0C1A-401C-B4E1-205D187695F4}.Debug|x64.Build.0 = Debug|Any CPU
		{C63FD4E8-0C1A-401C-B4E1-205D187695F4}.Debug|x86.ActiveCfg = Debug|Any CPU
		{C63FD4E8-0C1A-401C-B4E1-205D187695F4}.Debug|x86.Build.0 = Debug|Any CPU
		{C63FD4E8-0C1A-401C-B4E1-205D187695F4}.Release|Any CPU.ActiveCfg = Release|Any CPU
		{C63FD4E8-0C1A-401C-B4E1-205D187695F4}.Release|Any CPU.Build.0 = Release|Any CPU
		{C63FD4E8-0C1A-401C-B4E1-205D187695F4}.Release|ARM.ActiveCfg = Release|Any CPU
		{C63FD4E8-0C1A-401C-B4E1-205D187695F4}.Release|ARM.Build.0 = Release|Any CPU
		{C63FD4E8-0C1A-401C-B4E1-205D187695F4}.Release|x64.ActiveCfg = Release|Any CPU
		{C63FD4E8-0C1A-401C-B4E1-205D187695F4}.Release|x64.Build.0 = Release|Any CPU
		{C63FD4E8-0C1A-401C-B4E1-205D187695F4}.Release|x86.ActiveCfg = Release|Any CPU
		{C63FD4E8-0C1A-401C-B4E1-205D187695F4}.Release|x86.Build.0 = Release|Any CPU
		{C63FD4E8-0C1A-401C-B4E1-205D187695F4}.ReleaseBeta|Any CPU.ActiveCfg = ReleaseBeta|Any CPU
		{C63FD4E8-0C1A-401C-B4E1-205D187695F4}.ReleaseBeta|Any CPU.Build.0 = ReleaseBeta|Any CPU
		{C63FD4E8-0C1A-401C-B4E1-205D187695F4}.ReleaseBeta|ARM.ActiveCfg = ReleaseBeta|Any CPU
		{C63FD4E8-0C1A-401C-B4E1-205D187695F4}.ReleaseBeta|ARM.Build.0 = ReleaseBeta|Any CPU
		{C63FD4E8-0C1A-401C-B4E1-205D187695F4}.ReleaseBeta|x64.ActiveCfg = ReleaseBeta|Any CPU
		{C63FD4E8-0C1A-401C-B4E1-205D187695F4}.ReleaseBeta|x64.Build.0 = ReleaseBeta|Any CPU
		{C63FD4E8-0C1A-401C-B4E1-205D187695F4}.ReleaseBeta|x86.ActiveCfg = ReleaseBeta|Any CPU
		{C63FD4E8-0C1A-401C-B4E1-205D187695F4}.ReleaseBeta|x86.Build.0 = ReleaseBeta|Any CPU
		{C903DE05-9A93-4095-8392-C04F2EC0B297}.Debug|Any CPU.ActiveCfg = Debug|Any CPU
		{C903DE05-9A93-4095-8392-C04F2EC0B297}.Debug|Any CPU.Build.0 = Debug|Any CPU
		{C903DE05-9A93-4095-8392-C04F2EC0B297}.Debug|ARM.ActiveCfg = Debug|Any CPU
		{C903DE05-9A93-4095-8392-C04F2EC0B297}.Debug|ARM.Build.0 = Debug|Any CPU
		{C903DE05-9A93-4095-8392-C04F2EC0B297}.Debug|x64.ActiveCfg = Debug|Any CPU
		{C903DE05-9A93-4095-8392-C04F2EC0B297}.Debug|x64.Build.0 = Debug|Any CPU
		{C903DE05-9A93-4095-8392-C04F2EC0B297}.Debug|x86.ActiveCfg = Debug|Any CPU
		{C903DE05-9A93-4095-8392-C04F2EC0B297}.Debug|x86.Build.0 = Debug|Any CPU
		{C903DE05-9A93-4095-8392-C04F2EC0B297}.Release|Any CPU.ActiveCfg = Release|Any CPU
		{C903DE05-9A93-4095-8392-C04F2EC0B297}.Release|Any CPU.Build.0 = Release|Any CPU
		{C903DE05-9A93-4095-8392-C04F2EC0B297}.Release|ARM.ActiveCfg = Release|Any CPU
		{C903DE05-9A93-4095-8392-C04F2EC0B297}.Release|ARM.Build.0 = Release|Any CPU
		{C903DE05-9A93-4095-8392-C04F2EC0B297}.Release|x64.ActiveCfg = Release|Any CPU
		{C903DE05-9A93-4095-8392-C04F2EC0B297}.Release|x64.Build.0 = Release|Any CPU
		{C903DE05-9A93-4095-8392-C04F2EC0B297}.Release|x86.ActiveCfg = Release|Any CPU
		{C903DE05-9A93-4095-8392-C04F2EC0B297}.Release|x86.Build.0 = Release|Any CPU
		{C903DE05-9A93-4095-8392-C04F2EC0B297}.ReleaseBeta|Any CPU.ActiveCfg = ReleaseBeta|Any CPU
		{C903DE05-9A93-4095-8392-C04F2EC0B297}.ReleaseBeta|Any CPU.Build.0 = ReleaseBeta|Any CPU
		{C903DE05-9A93-4095-8392-C04F2EC0B297}.ReleaseBeta|ARM.ActiveCfg = ReleaseBeta|Any CPU
		{C903DE05-9A93-4095-8392-C04F2EC0B297}.ReleaseBeta|ARM.Build.0 = ReleaseBeta|Any CPU
		{C903DE05-9A93-4095-8392-C04F2EC0B297}.ReleaseBeta|x64.ActiveCfg = ReleaseBeta|Any CPU
		{C903DE05-9A93-4095-8392-C04F2EC0B297}.ReleaseBeta|x64.Build.0 = ReleaseBeta|Any CPU
		{C903DE05-9A93-4095-8392-C04F2EC0B297}.ReleaseBeta|x86.ActiveCfg = ReleaseBeta|Any CPU
		{C903DE05-9A93-4095-8392-C04F2EC0B297}.ReleaseBeta|x86.Build.0 = ReleaseBeta|Any CPU
		{D506616E-322E-4C1B-846C-92646B95A8CF}.Debug|Any CPU.ActiveCfg = Debug|Any CPU
		{D506616E-322E-4C1B-846C-92646B95A8CF}.Debug|Any CPU.Build.0 = Debug|Any CPU
		{D506616E-322E-4C1B-846C-92646B95A8CF}.Debug|ARM.ActiveCfg = Debug|Any CPU
		{D506616E-322E-4C1B-846C-92646B95A8CF}.Debug|ARM.Build.0 = Debug|Any CPU
		{D506616E-322E-4C1B-846C-92646B95A8CF}.Debug|x64.ActiveCfg = Debug|Any CPU
		{D506616E-322E-4C1B-846C-92646B95A8CF}.Debug|x64.Build.0 = Debug|Any CPU
		{D506616E-322E-4C1B-846C-92646B95A8CF}.Debug|x86.ActiveCfg = Debug|Any CPU
		{D506616E-322E-4C1B-846C-92646B95A8CF}.Debug|x86.Build.0 = Debug|Any CPU
		{D506616E-322E-4C1B-846C-92646B95A8CF}.Release|Any CPU.ActiveCfg = Release|Any CPU
		{D506616E-322E-4C1B-846C-92646B95A8CF}.Release|Any CPU.Build.0 = Release|Any CPU
		{D506616E-322E-4C1B-846C-92646B95A8CF}.Release|ARM.ActiveCfg = Release|Any CPU
		{D506616E-322E-4C1B-846C-92646B95A8CF}.Release|ARM.Build.0 = Release|Any CPU
		{D506616E-322E-4C1B-846C-92646B95A8CF}.Release|x64.ActiveCfg = Release|Any CPU
		{D506616E-322E-4C1B-846C-92646B95A8CF}.Release|x64.Build.0 = Release|Any CPU
		{D506616E-322E-4C1B-846C-92646B95A8CF}.Release|x86.ActiveCfg = Release|Any CPU
		{D506616E-322E-4C1B-846C-92646B95A8CF}.Release|x86.Build.0 = Release|Any CPU
		{D506616E-322E-4C1B-846C-92646B95A8CF}.ReleaseBeta|Any CPU.ActiveCfg = ReleaseBeta|Any CPU
		{D506616E-322E-4C1B-846C-92646B95A8CF}.ReleaseBeta|Any CPU.Build.0 = ReleaseBeta|Any CPU
		{D506616E-322E-4C1B-846C-92646B95A8CF}.ReleaseBeta|ARM.ActiveCfg = ReleaseBeta|Any CPU
		{D506616E-322E-4C1B-846C-92646B95A8CF}.ReleaseBeta|ARM.Build.0 = ReleaseBeta|Any CPU
		{D506616E-322E-4C1B-846C-92646B95A8CF}.ReleaseBeta|x64.ActiveCfg = ReleaseBeta|Any CPU
		{D506616E-322E-4C1B-846C-92646B95A8CF}.ReleaseBeta|x64.Build.0 = ReleaseBeta|Any CPU
		{D506616E-322E-4C1B-846C-92646B95A8CF}.ReleaseBeta|x86.ActiveCfg = ReleaseBeta|Any CPU
		{D506616E-322E-4C1B-846C-92646B95A8CF}.ReleaseBeta|x86.Build.0 = ReleaseBeta|Any CPU
		{8F2C9B65-85FF-45FF-B548-C51675248A57}.Debug|Any CPU.ActiveCfg = Debug|Any CPU
		{8F2C9B65-85FF-45FF-B548-C51675248A57}.Debug|Any CPU.Build.0 = Debug|Any CPU
		{8F2C9B65-85FF-45FF-B548-C51675248A57}.Debug|ARM.ActiveCfg = Debug|Any CPU
		{8F2C9B65-85FF-45FF-B548-C51675248A57}.Debug|ARM.Build.0 = Debug|Any CPU
		{8F2C9B65-85FF-45FF-B548-C51675248A57}.Debug|x64.ActiveCfg = Debug|Any CPU
		{8F2C9B65-85FF-45FF-B548-C51675248A57}.Debug|x64.Build.0 = Debug|Any CPU
		{8F2C9B65-85FF-45FF-B548-C51675248A57}.Debug|x86.ActiveCfg = Debug|Any CPU
		{8F2C9B65-85FF-45FF-B548-C51675248A57}.Debug|x86.Build.0 = Debug|Any CPU
		{8F2C9B65-85FF-45FF-B548-C51675248A57}.Release|Any CPU.ActiveCfg = Release|Any CPU
		{8F2C9B65-85FF-45FF-B548-C51675248A57}.Release|Any CPU.Build.0 = Release|Any CPU
		{8F2C9B65-85FF-45FF-B548-C51675248A57}.Release|ARM.ActiveCfg = Release|Any CPU
		{8F2C9B65-85FF-45FF-B548-C51675248A57}.Release|ARM.Build.0 = Release|Any CPU
		{8F2C9B65-85FF-45FF-B548-C51675248A57}.Release|x64.ActiveCfg = Release|Any CPU
		{8F2C9B65-85FF-45FF-B548-C51675248A57}.Release|x64.Build.0 = Release|Any CPU
		{8F2C9B65-85FF-45FF-B548-C51675248A57}.Release|x86.ActiveCfg = Release|Any CPU
		{8F2C9B65-85FF-45FF-B548-C51675248A57}.Release|x86.Build.0 = Release|Any CPU
		{8F2C9B65-85FF-45FF-B548-C51675248A57}.ReleaseBeta|Any CPU.ActiveCfg = ReleaseBeta|Any CPU
		{8F2C9B65-85FF-45FF-B548-C51675248A57}.ReleaseBeta|Any CPU.Build.0 = ReleaseBeta|Any CPU
		{8F2C9B65-85FF-45FF-B548-C51675248A57}.ReleaseBeta|ARM.ActiveCfg = ReleaseBeta|Any CPU
		{8F2C9B65-85FF-45FF-B548-C51675248A57}.ReleaseBeta|ARM.Build.0 = ReleaseBeta|Any CPU
		{8F2C9B65-85FF-45FF-B548-C51675248A57}.ReleaseBeta|x64.ActiveCfg = ReleaseBeta|Any CPU
		{8F2C9B65-85FF-45FF-B548-C51675248A57}.ReleaseBeta|x64.Build.0 = ReleaseBeta|Any CPU
		{8F2C9B65-85FF-45FF-B548-C51675248A57}.ReleaseBeta|x86.ActiveCfg = ReleaseBeta|Any CPU
		{8F2C9B65-85FF-45FF-B548-C51675248A57}.ReleaseBeta|x86.Build.0 = ReleaseBeta|Any CPU
	EndGlobalSection
	GlobalSection(SolutionProperties) = preSolution
		HideSolutionNode = FALSE
	EndGlobalSection
	GlobalSection(NestedProjects) = preSolution
		{4324F19E-CE24-40F2-B070-443A305247F4} = {CA3D8CC4-ABE2-471D-BD01-185C9384B999}
		{788F0745-BC74-4C22-BDB1-39935923B9A5} = {438E9E17-ADEC-49A4-A45E-67AC6AA3ADDB}
		{0AE7751B-B22C-468C-AB51-CBC7CA0FB026} = {438E9E17-ADEC-49A4-A45E-67AC6AA3ADDB}
		{98131726-CD7D-4DEF-B6FA-95D3B7818B7B} = {438E9E17-ADEC-49A4-A45E-67AC6AA3ADDB}
		{08161D21-72CE-4F02-8A17-E889F60901F3} = {29487D4B-F1B6-4A41-9EEA-2FB69668A1EF}
		{6B757596-4759-445F-8AE1-A324F3B5F5C3} = {CA3D8CC4-ABE2-471D-BD01-185C9384B999}
		{D096B6C9-2568-44F8-B03A-88CC81DAE86C} = {438E9E17-ADEC-49A4-A45E-67AC6AA3ADDB}
	EndGlobalSection
	GlobalSection(ExtensibilityGlobals) = postSolution
		SolutionGuid = {C43A9D45-79F8-41AC-9717-0E2384BB4513}
	EndGlobalSection
EndGlobal
