
Microsoft Visual Studio Solution File, Format Version 12.00
# Visual Studio 14
VisualStudioVersion = 14.0.25123.0
MinimumVisualStudioVersion = 10.0.40219.1
Project("{FAE04EC0-301F-11D3-BF4B-00C04F79EFBC}") = "TaihaToolkit.Core", "TaihaToolkit.Core\TaihaToolkit.Core.csproj", "{238F7B1B-EB78-429B-A97D-A951BA6693BF}"
EndProject
Project("{2150E333-8FDC-42A3-9474-1A3956D46DE8}") = "Tests", "Tests", "{438E9E17-ADEC-49A4-A45E-67AC6AA3ADDB}"
EndProject
Project("{FAE04EC0-301F-11D3-BF4B-00C04F79EFBC}") = "TaihaToolkit.WPF", "TaihaToolkit.WPF\TaihaToolkit.WPF.csproj", "{4324F19E-CE24-40F2-B070-443A305247F4}"
EndProject
Project("{FAE04EC0-301F-11D3-BF4B-00C04F79EFBC}") = "TaihaToolkit.Core.Rx", "TaihaToolkit.Core.Rx\TaihaToolkit.Core.Rx.csproj", "{15201798-B9DB-4999-9FA6-EE7E96505677}"
EndProject
Project("{FAE04EC0-301F-11D3-BF4B-00C04F79EFBC}") = "TaihaToolkit.Core.Rx.Tests", "TaihaToolkit.Core.Rx.Tests\TaihaToolkit.Core.Rx.Tests.csproj", "{788F0745-BC74-4C22-BDB1-39935923B9A5}"
EndProject
Project("{FAE04EC0-301F-11D3-BF4B-00C04F79EFBC}") = "TaihaToolkit.WPF.Tests", "TaihaToolkit.WPF.Tests\TaihaToolkit.WPF.Tests.csproj", "{0AE7751B-B22C-468C-AB51-CBC7CA0FB026}"
EndProject
Project("{FAE04EC0-301F-11D3-BF4B-00C04F79EFBC}") = "TaihaToolkit.Core.Tests", "TaihaToolkit.Core.Tests\TaihaToolkit.Core.Tests.csproj", "{98131726-CD7D-4DEF-B6FA-95D3B7818B7B}"
EndProject
Global
	GlobalSection(SolutionConfigurationPlatforms) = preSolution
		Debug|Any CPU = Debug|Any CPU
		Release|Any CPU = Release|Any CPU
	EndGlobalSection
	GlobalSection(ProjectConfigurationPlatforms) = postSolution
		{238F7B1B-EB78-429B-A97D-A951BA6693BF}.Debug|Any CPU.ActiveCfg = Debug|Any CPU
		{238F7B1B-EB78-429B-A97D-A951BA6693BF}.Debug|Any CPU.Build.0 = Debug|Any CPU
		{238F7B1B-EB78-429B-A97D-A951BA6693BF}.Release|Any CPU.ActiveCfg = Release|Any CPU
		{238F7B1B-EB78-429B-A97D-A951BA6693BF}.Release|Any CPU.Build.0 = Release|Any CPU
		{4324F19E-CE24-40F2-B070-443A305247F4}.Debug|Any CPU.ActiveCfg = Debug|Any CPU
		{4324F19E-CE24-40F2-B070-443A305247F4}.Debug|Any CPU.Build.0 = Debug|Any CPU
		{4324F19E-CE24-40F2-B070-443A305247F4}.Release|Any CPU.ActiveCfg = Release|Any CPU
		{4324F19E-CE24-40F2-B070-443A305247F4}.Release|Any CPU.Build.0 = Release|Any CPU
		{15201798-B9DB-4999-9FA6-EE7E96505677}.Debug|Any CPU.ActiveCfg = Debug|Any CPU
		{15201798-B9DB-4999-9FA6-EE7E96505677}.Debug|Any CPU.Build.0 = Debug|Any CPU
		{15201798-B9DB-4999-9FA6-EE7E96505677}.Release|Any CPU.ActiveCfg = Release|Any CPU
		{15201798-B9DB-4999-9FA6-EE7E96505677}.Release|Any CPU.Build.0 = Release|Any CPU
		{788F0745-BC74-4C22-BDB1-39935923B9A5}.Debug|Any CPU.ActiveCfg = Debug|Any CPU
		{788F0745-BC74-4C22-BDB1-39935923B9A5}.Debug|Any CPU.Build.0 = Debug|Any CPU
		{788F0745-BC74-4C22-BDB1-39935923B9A5}.Release|Any CPU.ActiveCfg = Release|Any CPU
		{788F0745-BC74-4C22-BDB1-39935923B9A5}.Release|Any CPU.Build.0 = Release|Any CPU
		{0AE7751B-B22C-468C-AB51-CBC7CA0FB026}.Debug|Any CPU.ActiveCfg = Debug|Any CPU
		{0AE7751B-B22C-468C-AB51-CBC7CA0FB026}.Debug|Any CPU.Build.0 = Debug|Any CPU
		{0AE7751B-B22C-468C-AB51-CBC7CA0FB026}.Release|Any CPU.ActiveCfg = Release|Any CPU
		{0AE7751B-B22C-468C-AB51-CBC7CA0FB026}.Release|Any CPU.Build.0 = Release|Any CPU
		{98131726-CD7D-4DEF-B6FA-95D3B7818B7B}.Debug|Any CPU.ActiveCfg = Debug|Any CPU
		{98131726-CD7D-4DEF-B6FA-95D3B7818B7B}.Debug|Any CPU.Build.0 = Debug|Any CPU
		{98131726-CD7D-4DEF-B6FA-95D3B7818B7B}.Release|Any CPU.ActiveCfg = Release|Any CPU
		{98131726-CD7D-4DEF-B6FA-95D3B7818B7B}.Release|Any CPU.Build.0 = Release|Any CPU
	EndGlobalSection
	GlobalSection(SolutionProperties) = preSolution
		HideSolutionNode = FALSE
	EndGlobalSection
	GlobalSection(NestedProjects) = preSolution
		{788F0745-BC74-4C22-BDB1-39935923B9A5} = {438E9E17-ADEC-49A4-A45E-67AC6AA3ADDB}
		{0AE7751B-B22C-468C-AB51-CBC7CA0FB026} = {438E9E17-ADEC-49A4-A45E-67AC6AA3ADDB}
		{98131726-CD7D-4DEF-B6FA-95D3B7818B7B} = {438E9E17-ADEC-49A4-A45E-67AC6AA3ADDB}
	EndGlobalSection
EndGlobal
